
Microsoft Visual Studio Solution File, Format Version 12.00
# Visual Studio Version 17
VisualStudioVersion = 17.4.33122.133
MinimumVisualStudioVersion = 10.0.40219.1
Project("{9A19103F-16F7-4668-BE54-9A1E7A4F7556}") = "Javascriptifier", "Source\Javascriptifier.csproj", "{D2A1FFD0-8697-4943-B2B2-FA555FE62B5A}"
EndProject
Project("{9A19103F-16F7-4668-BE54-9A1E7A4F7556}") = "Test", "Test\Test.csproj", "{26D53D6A-0D90-484F-9B61-F7A0518EAFA7}"
EndProject
Global
	GlobalSection(SolutionConfigurationPlatforms) = preSolution
		Debug|Any CPU = Debug|Any CPU
		Release|Any CPU = Release|Any CPU
	EndGlobalSection
	GlobalSection(ProjectConfigurationPlatforms) = postSolution
		{D2A1FFD0-8697-4943-B2B2-FA555FE62B5A}.Debug|Any CPU.ActiveCfg = Debug|Any CPU
		{D2A1FFD0-8697-4943-B2B2-FA555FE62B5A}.Debug|Any CPU.Build.0 = Debug|Any CPU
		{D2A1FFD0-8697-4943-B2B2-FA555FE62B5A}.Release|Any CPU.ActiveCfg = Release|Any CPU
		{D2A1FFD0-8697-4943-B2B2-FA555FE62B5A}.Release|Any CPU.Build.0 = Release|Any CPU
		{26D53D6A-0D90-484F-9B61-F7A0518EAFA7}.Debug|Any CPU.ActiveCfg = Debug|Any CPU
		{26D53D6A-0D90-484F-9B61-F7A0518EAFA7}.Debug|Any CPU.Build.0 = Debug|Any CPU
		{26D53D6A-0D90-484F-9B61-F7A0518EAFA7}.Release|Any CPU.ActiveCfg = Release|Any CPU
		{26D53D6A-0D90-484F-9B61-F7A0518EAFA7}.Release|Any CPU.Build.0 = Release|Any CPU
	EndGlobalSection
	GlobalSection(SolutionProperties) = preSolution
		HideSolutionNode = FALSE
	EndGlobalSection
	GlobalSection(ExtensibilityGlobals) = postSolution
		SolutionGuid = {34FCC6FF-3ED4-4B2C-A5B6-09641171A070}
	EndGlobalSection
EndGlobal
